
Microsoft Visual Studio Solution File, Format Version 12.00
# Visual Studio 15
VisualStudioVersion = 15.0.27130.2036
MinimumVisualStudioVersion = 10.0.40219.1
Project("{FAE04EC0-301F-11D3-BF4B-00C04F79EFBC}") = "Win03", "Win03\Win03.csproj", "{F665300F-B2C3-453B-A69C-92AE32E29772}"
EndProject
Project("{FAE04EC0-301F-11D3-BF4B-00C04F79EFBC}") = "Win03_A", "Win03_A\Win03_A.csproj", "{AB9A1FBF-7C3B-4AC0-8D43-EE20B9CB809F}"
EndProject
Project("{FAE04EC0-301F-11D3-BF4B-00C04F79EFBC}") = "Win03_B", "Win03_B\Win03_B.csproj", "{29490595-7260-4161-9A6F-9D1B829BED1D}"
EndProject
Global
	GlobalSection(SolutionConfigurationPlatforms) = preSolution
		Debug|Any CPU = Debug|Any CPU
		Release|Any CPU = Release|Any CPU
	EndGlobalSection
	GlobalSection(ProjectConfigurationPlatforms) = postSolution
		{F665300F-B2C3-453B-A69C-92AE32E29772}.Debug|Any CPU.ActiveCfg = Debug|Any CPU
		{F665300F-B2C3-453B-A69C-92AE32E29772}.Debug|Any CPU.Build.0 = Debug|Any CPU
		{F665300F-B2C3-453B-A69C-92AE32E29772}.Release|Any CPU.ActiveCfg = Release|Any CPU
		{F665300F-B2C3-453B-A69C-92AE32E29772}.Release|Any CPU.Build.0 = Release|Any CPU
		{AB9A1FBF-7C3B-4AC0-8D43-EE20B9CB809F}.Debug|Any CPU.ActiveCfg = Debug|Any CPU
		{AB9A1FBF-7C3B-4AC0-8D43-EE20B9CB809F}.Debug|Any CPU.Build.0 = Debug|Any CPU
		{AB9A1FBF-7C3B-4AC0-8D43-EE20B9CB809F}.Release|Any CPU.ActiveCfg = Release|Any CPU
		{AB9A1FBF-7C3B-4AC0-8D43-EE20B9CB809F}.Release|Any CPU.Build.0 = Release|Any CPU
		{29490595-7260-4161-9A6F-9D1B829BED1D}.Debug|Any CPU.ActiveCfg = Debug|Any CPU
		{29490595-7260-4161-9A6F-9D1B829BED1D}.Debug|Any CPU.Build.0 = Debug|Any CPU
		{29490595-7260-4161-9A6F-9D1B829BED1D}.Release|Any CPU.ActiveCfg = Release|Any CPU
		{29490595-7260-4161-9A6F-9D1B829BED1D}.Release|Any CPU.Build.0 = Release|Any CPU
	EndGlobalSection
	GlobalSection(SolutionProperties) = preSolution
		HideSolutionNode = FALSE
	EndGlobalSection
	GlobalSection(ExtensibilityGlobals) = postSolution
		SolutionGuid = {A08B57DA-2C3E-45C9-8292-D0AE7B313A5F}
	EndGlobalSection
EndGlobal
