
Microsoft Visual Studio Solution File, Format Version 12.00
# Visual Studio 15
VisualStudioVersion = 15.0.27130.2036
MinimumVisualStudioVersion = 10.0.40219.1
Project("{FAE04EC0-301F-11D3-BF4B-00C04F79EFBC}") = "Win04", "Win04\Win04.csproj", "{1FD19585-595F-4DE0-899A-FE58B40212FC}"
EndProject
Project("{FAE04EC0-301F-11D3-BF4B-00C04F79EFBC}") = "Win05", "Win05\Win05.csproj", "{5C19B954-AE70-42A8-94F7-88B8D4805DA0}"
EndProject
Project("{FAE04EC0-301F-11D3-BF4B-00C04F79EFBC}") = "Win07", "Win07\Win07.csproj", "{C5F99E0C-A395-4862-AF77-31558A4C1A82}"
EndProject
Project("{FAE04EC0-301F-11D3-BF4B-00C04F79EFBC}") = "Win08", "Win08\Win08.csproj", "{E8979D5B-B11A-4066-BE74-4EDA2BA8D4C1}"
EndProject
Project("{FAE04EC0-301F-11D3-BF4B-00C04F79EFBC}") = "Win09", "Win09\Win09.csproj", "{8DC0EB28-6555-4ED3-88AC-4330EA6C24BE}"
EndProject
Project("{FAE04EC0-301F-11D3-BF4B-00C04F79EFBC}") = "Win10", "Win10\Win10.csproj", "{61C55C35-5BC4-4BFC-974C-4E150C16B98B}"
EndProject
Project("{FAE04EC0-301F-11D3-BF4B-00C04F79EFBC}") = "Win11", "Win11\Win11.csproj", "{D2511BE1-65E2-4EBD-9D67-00D2694EF708}"
EndProject
Project("{FAE04EC0-301F-11D3-BF4B-00C04F79EFBC}") = "Win12", "Win12\Win12.csproj", "{6FC82BA8-BFC5-40F0-881C-3E6D98E8DB23}"
EndProject
Project("{FAE04EC0-301F-11D3-BF4B-00C04F79EFBC}") = "Win13", "Win13\Win13.csproj", "{D9C532B2-D255-46CB-B61C-ED647FDE610C}"
EndProject
Project("{FAE04EC0-301F-11D3-BF4B-00C04F79EFBC}") = "Win14", "Win14\Win14.csproj", "{336556F6-3F31-4D2C-A670-D4AD9A24FD8D}"
EndProject
Global
	GlobalSection(SolutionConfigurationPlatforms) = preSolution
		Debug|Any CPU = Debug|Any CPU
		Release|Any CPU = Release|Any CPU
	EndGlobalSection
	GlobalSection(ProjectConfigurationPlatforms) = postSolution
		{1FD19585-595F-4DE0-899A-FE58B40212FC}.Debug|Any CPU.ActiveCfg = Debug|Any CPU
		{1FD19585-595F-4DE0-899A-FE58B40212FC}.Debug|Any CPU.Build.0 = Debug|Any CPU
		{1FD19585-595F-4DE0-899A-FE58B40212FC}.Release|Any CPU.ActiveCfg = Release|Any CPU
		{1FD19585-595F-4DE0-899A-FE58B40212FC}.Release|Any CPU.Build.0 = Release|Any CPU
		{5C19B954-AE70-42A8-94F7-88B8D4805DA0}.Debug|Any CPU.ActiveCfg = Debug|Any CPU
		{5C19B954-AE70-42A8-94F7-88B8D4805DA0}.Debug|Any CPU.Build.0 = Debug|Any CPU
		{5C19B954-AE70-42A8-94F7-88B8D4805DA0}.Release|Any CPU.ActiveCfg = Release|Any CPU
		{5C19B954-AE70-42A8-94F7-88B8D4805DA0}.Release|Any CPU.Build.0 = Release|Any CPU
		{C5F99E0C-A395-4862-AF77-31558A4C1A82}.Debug|Any CPU.ActiveCfg = Debug|Any CPU
		{C5F99E0C-A395-4862-AF77-31558A4C1A82}.Debug|Any CPU.Build.0 = Debug|Any CPU
		{C5F99E0C-A395-4862-AF77-31558A4C1A82}.Release|Any CPU.ActiveCfg = Release|Any CPU
		{C5F99E0C-A395-4862-AF77-31558A4C1A82}.Release|Any CPU.Build.0 = Release|Any CPU
		{E8979D5B-B11A-4066-BE74-4EDA2BA8D4C1}.Debug|Any CPU.ActiveCfg = Debug|Any CPU
		{E8979D5B-B11A-4066-BE74-4EDA2BA8D4C1}.Debug|Any CPU.Build.0 = Debug|Any CPU
		{E8979D5B-B11A-4066-BE74-4EDA2BA8D4C1}.Release|Any CPU.ActiveCfg = Release|Any CPU
		{E8979D5B-B11A-4066-BE74-4EDA2BA8D4C1}.Release|Any CPU.Build.0 = Release|Any CPU
		{8DC0EB28-6555-4ED3-88AC-4330EA6C24BE}.Debug|Any CPU.ActiveCfg = Debug|Any CPU
		{8DC0EB28-6555-4ED3-88AC-4330EA6C24BE}.Debug|Any CPU.Build.0 = Debug|Any CPU
		{8DC0EB28-6555-4ED3-88AC-4330EA6C24BE}.Release|Any CPU.ActiveCfg = Release|Any CPU
		{8DC0EB28-6555-4ED3-88AC-4330EA6C24BE}.Release|Any CPU.Build.0 = Release|Any CPU
		{61C55C35-5BC4-4BFC-974C-4E150C16B98B}.Debug|Any CPU.ActiveCfg = Debug|Any CPU
		{61C55C35-5BC4-4BFC-974C-4E150C16B98B}.Debug|Any CPU.Build.0 = Debug|Any CPU
		{61C55C35-5BC4-4BFC-974C-4E150C16B98B}.Release|Any CPU.ActiveCfg = Release|Any CPU
		{61C55C35-5BC4-4BFC-974C-4E150C16B98B}.Release|Any CPU.Build.0 = Release|Any CPU
		{D2511BE1-65E2-4EBD-9D67-00D2694EF708}.Debug|Any CPU.ActiveCfg = Debug|Any CPU
		{D2511BE1-65E2-4EBD-9D67-00D2694EF708}.Debug|Any CPU.Build.0 = Debug|Any CPU
		{D2511BE1-65E2-4EBD-9D67-00D2694EF708}.Release|Any CPU.ActiveCfg = Release|Any CPU
		{D2511BE1-65E2-4EBD-9D67-00D2694EF708}.Release|Any CPU.Build.0 = Release|Any CPU
		{6FC82BA8-BFC5-40F0-881C-3E6D98E8DB23}.Debug|Any CPU.ActiveCfg = Debug|Any CPU
		{6FC82BA8-BFC5-40F0-881C-3E6D98E8DB23}.Debug|Any CPU.Build.0 = Debug|Any CPU
		{6FC82BA8-BFC5-40F0-881C-3E6D98E8DB23}.Release|Any CPU.ActiveCfg = Release|Any CPU
		{6FC82BA8-BFC5-40F0-881C-3E6D98E8DB23}.Release|Any CPU.Build.0 = Release|Any CPU
		{D9C532B2-D255-46CB-B61C-ED647FDE610C}.Debug|Any CPU.ActiveCfg = Debug|Any CPU
		{D9C532B2-D255-46CB-B61C-ED647FDE610C}.Debug|Any CPU.Build.0 = Debug|Any CPU
		{D9C532B2-D255-46CB-B61C-ED647FDE610C}.Release|Any CPU.ActiveCfg = Release|Any CPU
		{D9C532B2-D255-46CB-B61C-ED647FDE610C}.Release|Any CPU.Build.0 = Release|Any CPU
		{336556F6-3F31-4D2C-A670-D4AD9A24FD8D}.Debug|Any CPU.ActiveCfg = Debug|Any CPU
		{336556F6-3F31-4D2C-A670-D4AD9A24FD8D}.Debug|Any CPU.Build.0 = Debug|Any CPU
		{336556F6-3F31-4D2C-A670-D4AD9A24FD8D}.Release|Any CPU.ActiveCfg = Release|Any CPU
		{336556F6-3F31-4D2C-A670-D4AD9A24FD8D}.Release|Any CPU.Build.0 = Release|Any CPU
	EndGlobalSection
	GlobalSection(SolutionProperties) = preSolution
		HideSolutionNode = FALSE
	EndGlobalSection
	GlobalSection(ExtensibilityGlobals) = postSolution
		SolutionGuid = {0FE25173-51A2-431F-AB65-D337E08119F0}
	EndGlobalSection
EndGlobal
