
Microsoft Visual Studio Solution File, Format Version 12.00
# Visual Studio 15
VisualStudioVersion = 15.0.27130.2036
MinimumVisualStudioVersion = 10.0.40219.1
Project("{FAE04EC0-301F-11D3-BF4B-00C04F79EFBC}") = "Certweb", "Certweb\Certweb.csproj", "{5DAAC19E-BE91-4068-811B-13BB300EDF40}"
EndProject
Global
	GlobalSection(SolutionConfigurationPlatforms) = preSolution
		Debug|Any CPU = Debug|Any CPU
		Release|Any CPU = Release|Any CPU
	EndGlobalSection
	GlobalSection(ProjectConfigurationPlatforms) = postSolution
		{5DAAC19E-BE91-4068-811B-13BB300EDF40}.Debug|Any CPU.ActiveCfg = Debug|Any CPU
		{5DAAC19E-BE91-4068-811B-13BB300EDF40}.Debug|Any CPU.Build.0 = Debug|Any CPU
		{5DAAC19E-BE91-4068-811B-13BB300EDF40}.Release|Any CPU.ActiveCfg = Release|Any CPU
		{5DAAC19E-BE91-4068-811B-13BB300EDF40}.Release|Any CPU.Build.0 = Release|Any CPU
	EndGlobalSection
	GlobalSection(SolutionProperties) = preSolution
		HideSolutionNode = FALSE
	EndGlobalSection
	GlobalSection(ExtensibilityGlobals) = postSolution
		SolutionGuid = {B347FD05-5381-472E-8AD3-4E2F7C895F29}
	EndGlobalSection
EndGlobal
